
Microsoft Visual Studio Solution File, Format Version 12.00
# Visual Studio Version 17
VisualStudioVersion = 17.9.34622.214
MinimumVisualStudioVersion = 10.0.40219.1
Project("{9A19103F-16F7-4668-BE54-9A1E7A4F7556}") = "01_Singleton", "Singleton\01_Singleton.csproj", "{104BF6C6-3102-4683-8319-EB52031EBCED}"
EndProject
Project("{FAE04EC0-301F-11D3-BF4B-00C04F79EFBC}") = "02_Observer", "Observer\02_Observer.csproj", "{8CDAD8CA-6C30-4219-B086-FEB71A4DA996}"
EndProject
Global
	GlobalSection(SolutionConfigurationPlatforms) = preSolution
		Debug|Any CPU = Debug|Any CPU
		Release|Any CPU = Release|Any CPU
	EndGlobalSection
	GlobalSection(ProjectConfigurationPlatforms) = postSolution
		{104BF6C6-3102-4683-8319-EB52031EBCED}.Debug|Any CPU.ActiveCfg = Debug|Any CPU
		{104BF6C6-3102-4683-8319-EB52031EBCED}.Debug|Any CPU.Build.0 = Debug|Any CPU
		{104BF6C6-3102-4683-8319-EB52031EBCED}.Release|Any CPU.ActiveCfg = Release|Any CPU
		{104BF6C6-3102-4683-8319-EB52031EBCED}.Release|Any CPU.Build.0 = Release|Any CPU
		{8CDAD8CA-6C30-4219-B086-FEB71A4DA996}.Debug|Any CPU.ActiveCfg = Debug|Any CPU
		{8CDAD8CA-6C30-4219-B086-FEB71A4DA996}.Debug|Any CPU.Build.0 = Debug|Any CPU
		{8CDAD8CA-6C30-4219-B086-FEB71A4DA996}.Release|Any CPU.ActiveCfg = Release|Any CPU
		{8CDAD8CA-6C30-4219-B086-FEB71A4DA996}.Release|Any CPU.Build.0 = Release|Any CPU
	EndGlobalSection
	GlobalSection(SolutionProperties) = preSolution
		HideSolutionNode = FALSE
	EndGlobalSection
	GlobalSection(ExtensibilityGlobals) = postSolution
		SolutionGuid = {15097EBE-31FF-4763-B642-185F54D0C665}
	EndGlobalSection
EndGlobal
